// !$*UTF8*$!
{
	archiveVersion = 1;
	classes = {
	};
	objectVersion = 46;
	objects = {

/* Begin PBXBuildFile section */
		3A0545281520464B00FE961D /* DCAFetchRequestModel.h in Headers */ = {isa = PBXBuildFile; fileRef = 3A0545261520464B00FE961D /* DCAFetchRequestModel.h */; };
		3A0545291520464B00FE961D /* DCAFetchRequestModel.m in Sources */ = {isa = PBXBuildFile; fileRef = 3A0545271520464B00FE961D /* DCAFetchRequestModel.m */; };
		3A34EC1C14DC975000C7CAC6 /* Foundation.framework in Frameworks */ = {isa = PBXBuildFile; fileRef = 3A34EC1B14DC975000C7CAC6 /* Foundation.framework */; };
		3A34EC2214DC975000C7CAC6 /* CoreDataHelp.m in Sources */ = {isa = PBXBuildFile; fileRef = 3A34EC2114DC975000C7CAC6 /* CoreDataHelp.m */; };
		3A34EC2C14DC975000C7CAC6 /* UIKit.framework in Frameworks */ = {isa = PBXBuildFile; fileRef = 3A34EC2B14DC975000C7CAC6 /* UIKit.framework */; };
		3A34EC2D14DC975000C7CAC6 /* Foundation.framework in Frameworks */ = {isa = PBXBuildFile; fileRef = 3A34EC1B14DC975000C7CAC6 /* Foundation.framework */; };
		3A34EC3014DC975000C7CAC6 /* libCoreDataHelp.a in Frameworks */ = {isa = PBXBuildFile; fileRef = 3A34EC1814DC975000C7CAC6 /* libCoreDataHelp.a */; };
		3A34EC3614DC975000C7CAC6 /* InfoPlist.strings in Resources */ = {isa = PBXBuildFile; fileRef = 3A34EC3414DC975000C7CAC6 /* InfoPlist.strings */; };
		3A34EC3914DC975000C7CAC6 /* CoreDataHelpTests.m in Sources */ = {isa = PBXBuildFile; fileRef = 3A34EC3814DC975000C7CAC6 /* CoreDataHelpTests.m */; };
		3A34EC4714DC978300C7CAC6 /* Entity.h in Headers */ = {isa = PBXBuildFile; fileRef = 3A34EC4514DC978300C7CAC6 /* Entity.h */; };
		3A34EC4A14DC978F00C7CAC6 /* Entity.m in Sources */ = {isa = PBXBuildFile; fileRef = 3A34EC4614DC978300C7CAC6 /* Entity.m */; };
		3A34EC5014DC97EA00C7CAC6 /* Model.xcdatamodeld in Sources */ = {isa = PBXBuildFile; fileRef = 3A34EC4E14DC97EA00C7CAC6 /* Model.xcdatamodeld */; };
		3A34EC5314DC980700C7CAC6 /* CoreData.framework in Frameworks */ = {isa = PBXBuildFile; fileRef = 3A34EC5214DC980700C7CAC6 /* CoreData.framework */; };
		3A35F66315201FC8004AEBA8 /* CoreDataHelpError.h in Headers */ = {isa = PBXBuildFile; fileRef = 3A35F66115201FC8004AEBA8 /* CoreDataHelpError.h */; settings = {ATTRIBUTES = (Public, ); }; };
		3A35F66415201FC8004AEBA8 /* CoreDataHelpError.m in Sources */ = {isa = PBXBuildFile; fileRef = 3A35F66215201FC8004AEBA8 /* CoreDataHelpError.m */; };
		3A35F66815202705004AEBA8 /* NSManagedObjectModel+CDHAdditions.h in Headers */ = {isa = PBXBuildFile; fileRef = 3A35F66615202705004AEBA8 /* NSManagedObjectModel+CDHAdditions.h */; };
		3A35F66915202705004AEBA8 /* NSManagedObjectModel+CDHAdditions.m in Sources */ = {isa = PBXBuildFile; fileRef = 3A35F66715202705004AEBA8 /* NSManagedObjectModel+CDHAdditions.m */; };
		3A5C681B1559B0AD000C1AAB /* NSIncrementalStore+CDHAdditions.h in Headers */ = {isa = PBXBuildFile; fileRef = 3A5C68191559B0AD000C1AAB /* NSIncrementalStore+CDHAdditions.h */; };
		3A5C681C1559B0AD000C1AAB /* NSIncrementalStore+CDHAdditions.m in Sources */ = {isa = PBXBuildFile; fileRef = 3A5C681A1559B0AD000C1AAB /* NSIncrementalStore+CDHAdditions.m */; };
		3A803D53151FC7A3007D0B62 /* DCACacheFirstIncrementalStore.m in Sources */ = {isa = PBXBuildFile; fileRef = 3A803D51151FC7A3007D0B62 /* DCACacheFirstIncrementalStore.m */; };
		3A803D5D151FD36F007D0B62 /* DCACacheable.h in Headers */ = {isa = PBXBuildFile; fileRef = 3A803D5C151FD36F007D0B62 /* DCACacheable.h */; settings = {ATTRIBUTES = (Public, ); }; };
		3A803D65151FD71F007D0B62 /* CoreDataHelp.h in Headers */ = {isa = PBXBuildFile; fileRef = 3A34EC2014DC975000C7CAC6 /* CoreDataHelp.h */; settings = {ATTRIBUTES = (Public, ); }; };
		3A803D6D151FF04E007D0B62 /* DCACachingPolicy.h in Headers */ = {isa = PBXBuildFile; fileRef = 3A803D6B151FF04E007D0B62 /* DCACachingPolicy.h */; settings = {ATTRIBUTES = (Public, ); }; };
		3A803D6E151FF04E007D0B62 /* DCACachingPolicy.m in Sources */ = {isa = PBXBuildFile; fileRef = 3A803D6C151FF04E007D0B62 /* DCACachingPolicy.m */; };
		3A803D74151FF821007D0B62 /* DCACacheIncrementalStore.h in Headers */ = {isa = PBXBuildFile; fileRef = 3A803D72151FF821007D0B62 /* DCACacheIncrementalStore.h */; };
		3A803D75151FF821007D0B62 /* DCACacheIncrementalStore.m in Sources */ = {isa = PBXBuildFile; fileRef = 3A803D73151FF821007D0B62 /* DCACacheIncrementalStore.m */; };
		3A803D77151FF95B007D0B62 /* NSIncrementalStoreAutoInstall.h in Headers */ = {isa = PBXBuildFile; fileRef = 3A803D76151FF95B007D0B62 /* NSIncrementalStoreAutoInstall.h */; settings = {ATTRIBUTES = (Public, ); }; };
		3A803D7A151FF97F007D0B62 /* CoreDataStack.h in Headers */ = {isa = PBXBuildFile; fileRef = 3A803D78151FF97F007D0B62 /* CoreDataStack.h */; settings = {ATTRIBUTES = (Public, ); }; };
		3A803D7B151FF97F007D0B62 /* CoreDataStack.m in Sources */ = {isa = PBXBuildFile; fileRef = 3A803D79151FF97F007D0B62 /* CoreDataStack.m */; };
		3A803D7E152004F1007D0B62 /* DCAFetchRequest.h in Headers */ = {isa = PBXBuildFile; fileRef = 3A803D7C152004F1007D0B62 /* DCAFetchRequest.h */; settings = {ATTRIBUTES = (Public, ); }; };
		3A803D7F152004F1007D0B62 /* DCAFetchRequest.m in Sources */ = {isa = PBXBuildFile; fileRef = 3A803D7D152004F1007D0B62 /* DCAFetchRequest.m */; };
		3A803D821520057B007D0B62 /* NSManagedObject+DCAAdditions.h in Headers */ = {isa = PBXBuildFile; fileRef = 3A803D801520057B007D0B62 /* NSManagedObject+DCAAdditions.h */; settings = {ATTRIBUTES = (Public, ); }; };
		3A803D831520057B007D0B62 /* NSManagedObject+DCAAdditions.m in Sources */ = {isa = PBXBuildFile; fileRef = 3A803D811520057B007D0B62 /* NSManagedObject+DCAAdditions.m */; };
		3A803D8415201D0E007D0B62 /* DCACacheFirstIncrementalStore.h in Headers */ = {isa = PBXBuildFile; fileRef = 3A803D50151FC7A3007D0B62 /* DCACacheFirstIncrementalStore.h */; settings = {ATTRIBUTES = (Public, ); }; };
		3ACBFA391568C1A700CCD332 /* NSThreadWrapper.h in Headers */ = {isa = PBXBuildFile; fileRef = 3ACBFA371568C1A700CCD332 /* NSThreadWrapper.h */; };
		3ACBFA3A1568C1A700CCD332 /* NSThreadWrapper.m in Sources */ = {isa = PBXBuildFile; fileRef = 3ACBFA381568C1A700CCD332 /* NSThreadWrapper.m */; };
		BE28D4EF15F553A5005CB3FA /* SenTestingKit.framework in Frameworks */ = {isa = PBXBuildFile; fileRef = 3A34EC2914DC975000C7CAC6 /* SenTestingKit.framework */; };
		BE38A4EE1521340A005AE1E8 /* CoreDataStack+Singleton.h in Headers */ = {isa = PBXBuildFile; fileRef = BE38A4EC1521340A005AE1E8 /* CoreDataStack+Singleton.h */; settings = {ATTRIBUTES = (Public, ); }; };
		BE38A4EF1521340A005AE1E8 /* CoreDataStack+Singleton.m in Sources */ = {isa = PBXBuildFile; fileRef = BE38A4ED1521340A005AE1E8 /* CoreDataStack+Singleton.m */; };
/* End PBXBuildFile section */

/* Begin PBXContainerItemProxy section */
		3A34EC2E14DC975000C7CAC6 /* PBXContainerItemProxy */ = {
			isa = PBXContainerItemProxy;
			containerPortal = 3A34EC0F14DC975000C7CAC6 /* Project object */;
			proxyType = 1;
			remoteGlobalIDString = 3A34EC1714DC975000C7CAC6;
			remoteInfo = CoreDataHelp;
		};
/* End PBXContainerItemProxy section */

/* Begin PBXFileReference section */
		3A0545261520464B00FE961D /* DCAFetchRequestModel.h */ = {isa = PBXFileReference; fileEncoding = 4; lastKnownFileType = sourcecode.c.h; path = DCAFetchRequestModel.h; sourceTree = "<group>"; };
		3A0545271520464B00FE961D /* DCAFetchRequestModel.m */ = {isa = PBXFileReference; fileEncoding = 4; lastKnownFileType = sourcecode.c.objc; path = DCAFetchRequestModel.m; sourceTree = "<group>"; };
		3A34EC1814DC975000C7CAC6 /* libCoreDataHelp.a */ = {isa = PBXFileReference; explicitFileType = archive.ar; includeInIndex = 0; path = libCoreDataHelp.a; sourceTree = BUILT_PRODUCTS_DIR; };
		3A34EC1B14DC975000C7CAC6 /* Foundation.framework */ = {isa = PBXFileReference; lastKnownFileType = wrapper.framework; name = Foundation.framework; path = System/Library/Frameworks/Foundation.framework; sourceTree = SDKROOT; };
		3A34EC1F14DC975000C7CAC6 /* CoreDataHelp-Prefix.pch */ = {isa = PBXFileReference; lastKnownFileType = sourcecode.c.h; path = "CoreDataHelp-Prefix.pch"; sourceTree = "<group>"; };
		3A34EC2014DC975000C7CAC6 /* CoreDataHelp.h */ = {isa = PBXFileReference; lastKnownFileType = sourcecode.c.h; path = CoreDataHelp.h; sourceTree = "<group>"; };
		3A34EC2114DC975000C7CAC6 /* CoreDataHelp.m */ = {isa = PBXFileReference; lastKnownFileType = sourcecode.c.objc; path = CoreDataHelp.m; sourceTree = "<group>"; };
		3A34EC2814DC975000C7CAC6 /* CoreDataHelpTests.octest */ = {isa = PBXFileReference; explicitFileType = wrapper.cfbundle; includeInIndex = 0; path = CoreDataHelpTests.octest; sourceTree = BUILT_PRODUCTS_DIR; };
		3A34EC2914DC975000C7CAC6 /* SenTestingKit.framework */ = {isa = PBXFileReference; lastKnownFileType = wrapper.framework; name = SenTestingKit.framework; path = Library/Frameworks/SenTestingKit.framework; sourceTree = DEVELOPER_DIR; };
		3A34EC2B14DC975000C7CAC6 /* UIKit.framework */ = {isa = PBXFileReference; lastKnownFileType = wrapper.framework; name = UIKit.framework; path = Library/Frameworks/UIKit.framework; sourceTree = DEVELOPER_DIR; };
		3A34EC3314DC975000C7CAC6 /* CoreDataHelpTests-Info.plist */ = {isa = PBXFileReference; lastKnownFileType = text.plist.xml; path = "CoreDataHelpTests-Info.plist"; sourceTree = "<group>"; };
		3A34EC3514DC975000C7CAC6 /* en */ = {isa = PBXFileReference; lastKnownFileType = text.plist.strings; name = en; path = en.lproj/InfoPlist.strings; sourceTree = "<group>"; };
		3A34EC3714DC975000C7CAC6 /* CoreDataHelpTests.h */ = {isa = PBXFileReference; lastKnownFileType = sourcecode.c.h; path = CoreDataHelpTests.h; sourceTree = "<group>"; };
		3A34EC3814DC975000C7CAC6 /* CoreDataHelpTests.m */ = {isa = PBXFileReference; lastKnownFileType = sourcecode.c.objc; path = CoreDataHelpTests.m; sourceTree = "<group>"; };
		3A34EC4514DC978300C7CAC6 /* Entity.h */ = {isa = PBXFileReference; fileEncoding = 4; lastKnownFileType = sourcecode.c.h; name = Entity.h; path = ../CoreDataHelp/Entity.h; sourceTree = "<group>"; };
		3A34EC4614DC978300C7CAC6 /* Entity.m */ = {isa = PBXFileReference; fileEncoding = 4; lastKnownFileType = sourcecode.c.objc; name = Entity.m; path = ../CoreDataHelp/Entity.m; sourceTree = "<group>"; };
		3A34EC4F14DC97EA00C7CAC6 /* Model.xcdatamodel */ = {isa = PBXFileReference; lastKnownFileType = wrapper.xcdatamodel; path = Model.xcdatamodel; sourceTree = "<group>"; };
		3A34EC5214DC980700C7CAC6 /* CoreData.framework */ = {isa = PBXFileReference; lastKnownFileType = wrapper.framework; name = CoreData.framework; path = System/Library/Frameworks/CoreData.framework; sourceTree = SDKROOT; };
		3A35F66115201FC8004AEBA8 /* CoreDataHelpError.h */ = {isa = PBXFileReference; fileEncoding = 4; lastKnownFileType = sourcecode.c.h; path = CoreDataHelpError.h; sourceTree = "<group>"; };
		3A35F66215201FC8004AEBA8 /* CoreDataHelpError.m */ = {isa = PBXFileReference; fileEncoding = 4; lastKnownFileType = sourcecode.c.objc; path = CoreDataHelpError.m; sourceTree = "<group>"; };
		3A35F66615202705004AEBA8 /* NSManagedObjectModel+CDHAdditions.h */ = {isa = PBXFileReference; fileEncoding = 4; lastKnownFileType = sourcecode.c.h; path = "NSManagedObjectModel+CDHAdditions.h"; sourceTree = "<group>"; };
		3A35F66715202705004AEBA8 /* NSManagedObjectModel+CDHAdditions.m */ = {isa = PBXFileReference; fileEncoding = 4; lastKnownFileType = sourcecode.c.objc; path = "NSManagedObjectModel+CDHAdditions.m"; sourceTree = "<group>"; };
		3A5C68191559B0AD000C1AAB /* NSIncrementalStore+CDHAdditions.h */ = {isa = PBXFileReference; fileEncoding = 4; lastKnownFileType = sourcecode.c.h; path = "NSIncrementalStore+CDHAdditions.h"; sourceTree = "<group>"; };
		3A5C681A1559B0AD000C1AAB /* NSIncrementalStore+CDHAdditions.m */ = {isa = PBXFileReference; fileEncoding = 4; lastKnownFileType = sourcecode.c.objc; path = "NSIncrementalStore+CDHAdditions.m"; sourceTree = "<group>"; };
		3A803D50151FC7A3007D0B62 /* DCACacheFirstIncrementalStore.h */ = {isa = PBXFileReference; fileEncoding = 4; lastKnownFileType = sourcecode.c.h; path = DCACacheFirstIncrementalStore.h; sourceTree = "<group>"; };
		3A803D51151FC7A3007D0B62 /* DCACacheFirstIncrementalStore.m */ = {isa = PBXFileReference; fileEncoding = 4; lastKnownFileType = sourcecode.c.objc; path = DCACacheFirstIncrementalStore.m; sourceTree = "<group>"; };
		3A803D5C151FD36F007D0B62 /* DCACacheable.h */ = {isa = PBXFileReference; fileEncoding = 4; lastKnownFileType = sourcecode.c.h; path = DCACacheable.h; sourceTree = "<group>"; };
		3A803D6B151FF04E007D0B62 /* DCACachingPolicy.h */ = {isa = PBXFileReference; fileEncoding = 4; lastKnownFileType = sourcecode.c.h; path = DCACachingPolicy.h; sourceTree = "<group>"; };
		3A803D6C151FF04E007D0B62 /* DCACachingPolicy.m */ = {isa = PBXFileReference; fileEncoding = 4; lastKnownFileType = sourcecode.c.objc; path = DCACachingPolicy.m; sourceTree = "<group>"; };
		3A803D72151FF821007D0B62 /* DCACacheIncrementalStore.h */ = {isa = PBXFileReference; fileEncoding = 4; lastKnownFileType = sourcecode.c.h; path = DCACacheIncrementalStore.h; sourceTree = "<group>"; };
		3A803D73151FF821007D0B62 /* DCACacheIncrementalStore.m */ = {isa = PBXFileReference; fileEncoding = 4; lastKnownFileType = sourcecode.c.objc; path = DCACacheIncrementalStore.m; sourceTree = "<group>"; };
		3A803D76151FF95B007D0B62 /* NSIncrementalStoreAutoInstall.h */ = {isa = PBXFileReference; fileEncoding = 4; lastKnownFileType = sourcecode.c.h; path = NSIncrementalStoreAutoInstall.h; sourceTree = "<group>"; };
		3A803D78151FF97F007D0B62 /* CoreDataStack.h */ = {isa = PBXFileReference; fileEncoding = 4; lastKnownFileType = sourcecode.c.h; path = CoreDataStack.h; sourceTree = "<group>"; };
		3A803D79151FF97F007D0B62 /* CoreDataStack.m */ = {isa = PBXFileReference; fileEncoding = 4; lastKnownFileType = sourcecode.c.objc; path = CoreDataStack.m; sourceTree = "<group>"; };
		3A803D7C152004F1007D0B62 /* DCAFetchRequest.h */ = {isa = PBXFileReference; fileEncoding = 4; lastKnownFileType = sourcecode.c.h; path = DCAFetchRequest.h; sourceTree = "<group>"; };
		3A803D7D152004F1007D0B62 /* DCAFetchRequest.m */ = {isa = PBXFileReference; fileEncoding = 4; lastKnownFileType = sourcecode.c.objc; path = DCAFetchRequest.m; sourceTree = "<group>"; };
		3A803D801520057B007D0B62 /* NSManagedObject+DCAAdditions.h */ = {isa = PBXFileReference; fileEncoding = 4; lastKnownFileType = sourcecode.c.h; path = "NSManagedObject+DCAAdditions.h"; sourceTree = "<group>"; };
		3A803D811520057B007D0B62 /* NSManagedObject+DCAAdditions.m */ = {isa = PBXFileReference; fileEncoding = 4; lastKnownFileType = sourcecode.c.objc; path = "NSManagedObject+DCAAdditions.m"; sourceTree = "<group>"; };
		3ACBFA371568C1A700CCD332 /* NSThreadWrapper.h */ = {isa = PBXFileReference; fileEncoding = 4; lastKnownFileType = sourcecode.c.h; path = NSThreadWrapper.h; sourceTree = "<group>"; };
		3ACBFA381568C1A700CCD332 /* NSThreadWrapper.m */ = {isa = PBXFileReference; fileEncoding = 4; lastKnownFileType = sourcecode.c.objc; path = NSThreadWrapper.m; sourceTree = "<group>"; };
		BE38A4EC1521340A005AE1E8 /* CoreDataStack+Singleton.h */ = {isa = PBXFileReference; fileEncoding = 4; lastKnownFileType = sourcecode.c.h; path = "CoreDataStack+Singleton.h"; sourceTree = "<group>"; };
		BE38A4ED1521340A005AE1E8 /* CoreDataStack+Singleton.m */ = {isa = PBXFileReference; fileEncoding = 4; lastKnownFileType = sourcecode.c.objc; path = "CoreDataStack+Singleton.m"; sourceTree = "<group>"; };
/* End PBXFileReference section */

/* Begin PBXFrameworksBuildPhase section */
		3A34EC1514DC975000C7CAC6 /* Frameworks */ = {
			isa = PBXFrameworksBuildPhase;
			buildActionMask = 2147483647;
			files = (
				3A34EC1C14DC975000C7CAC6 /* Foundation.framework in Frameworks */,
			);
			runOnlyForDeploymentPostprocessing = 0;
		};
		3A34EC2414DC975000C7CAC6 /* Frameworks */ = {
			isa = PBXFrameworksBuildPhase;
			buildActionMask = 2147483647;
			files = (
				BE28D4EF15F553A5005CB3FA /* SenTestingKit.framework in Frameworks */,
				3A34EC5314DC980700C7CAC6 /* CoreData.framework in Frameworks */,
				3A34EC2C14DC975000C7CAC6 /* UIKit.framework in Frameworks */,
				3A34EC2D14DC975000C7CAC6 /* Foundation.framework in Frameworks */,
				3A34EC3014DC975000C7CAC6 /* libCoreDataHelp.a in Frameworks */,
			);
			runOnlyForDeploymentPostprocessing = 0;
		};
/* End PBXFrameworksBuildPhase section */

/* Begin PBXGroup section */
		3A34EC0D14DC975000C7CAC6 = {
			isa = PBXGroup;
			children = (
				3A34EC5214DC980700C7CAC6 /* CoreData.framework */,
				3A34EC1D14DC975000C7CAC6 /* CoreDataHelp */,
				3A34EC3114DC975000C7CAC6 /* CoreDataHelpTests */,
				3A34EC1A14DC975000C7CAC6 /* Frameworks */,
				3A34EC1914DC975000C7CAC6 /* Products */,
			);
			sourceTree = "<group>";
		};
		3A34EC1914DC975000C7CAC6 /* Products */ = {
			isa = PBXGroup;
			children = (
				3A34EC1814DC975000C7CAC6 /* libCoreDataHelp.a */,
				3A34EC2814DC975000C7CAC6 /* CoreDataHelpTests.octest */,
			);
			name = Products;
			sourceTree = "<group>";
		};
		3A34EC1A14DC975000C7CAC6 /* Frameworks */ = {
			isa = PBXGroup;
			children = (
				3A34EC1B14DC975000C7CAC6 /* Foundation.framework */,
				3A34EC2914DC975000C7CAC6 /* SenTestingKit.framework */,
				3A34EC2B14DC975000C7CAC6 /* UIKit.framework */,
			);
			name = Frameworks;
			sourceTree = "<group>";
		};
		3A34EC1D14DC975000C7CAC6 /* CoreDataHelp */ = {
			isa = PBXGroup;
			children = (
				3A35F66115201FC8004AEBA8 /* CoreDataHelpError.h */,
				3A35F66215201FC8004AEBA8 /* CoreDataHelpError.m */,
				3A34EC2014DC975000C7CAC6 /* CoreDataHelp.h */,
				3A34EC2114DC975000C7CAC6 /* CoreDataHelp.m */,
				3A34EC1E14DC975000C7CAC6 /* Supporting Files */,
				3A803D50151FC7A3007D0B62 /* DCACacheFirstIncrementalStore.h */,
				3A803D51151FC7A3007D0B62 /* DCACacheFirstIncrementalStore.m */,
				3A803D5C151FD36F007D0B62 /* DCACacheable.h */,
				3A803D6B151FF04E007D0B62 /* DCACachingPolicy.h */,
				3A803D6C151FF04E007D0B62 /* DCACachingPolicy.m */,
				3A803D72151FF821007D0B62 /* DCACacheIncrementalStore.h */,
				3A803D73151FF821007D0B62 /* DCACacheIncrementalStore.m */,
				3A803D76151FF95B007D0B62 /* NSIncrementalStoreAutoInstall.h */,
				3A803D78151FF97F007D0B62 /* CoreDataStack.h */,
				3A803D79151FF97F007D0B62 /* CoreDataStack.m */,
				3A803D7C152004F1007D0B62 /* DCAFetchRequest.h */,
				3A803D7D152004F1007D0B62 /* DCAFetchRequest.m */,
				3A803D801520057B007D0B62 /* NSManagedObject+DCAAdditions.h */,
				3A803D811520057B007D0B62 /* NSManagedObject+DCAAdditions.m */,
				3A35F66615202705004AEBA8 /* NSManagedObjectModel+CDHAdditions.h */,
				3A35F66715202705004AEBA8 /* NSManagedObjectModel+CDHAdditions.m */,
				3A0545261520464B00FE961D /* DCAFetchRequestModel.h */,
				3A0545271520464B00FE961D /* DCAFetchRequestModel.m */,
				BE38A4EC1521340A005AE1E8 /* CoreDataStack+Singleton.h */,
				BE38A4ED1521340A005AE1E8 /* CoreDataStack+Singleton.m */,
				3A5C68191559B0AD000C1AAB /* NSIncrementalStore+CDHAdditions.h */,
				3A5C681A1559B0AD000C1AAB /* NSIncrementalStore+CDHAdditions.m */,
				3ACBFA371568C1A700CCD332 /* NSThreadWrapper.h */,
				3ACBFA381568C1A700CCD332 /* NSThreadWrapper.m */,
			);
			path = CoreDataHelp;
			sourceTree = "<group>";
		};
		3A34EC1E14DC975000C7CAC6 /* Supporting Files */ = {
			isa = PBXGroup;
			children = (
				3A34EC1F14DC975000C7CAC6 /* CoreDataHelp-Prefix.pch */,
			);
			name = "Supporting Files";
			sourceTree = "<group>";
		};
		3A34EC3114DC975000C7CAC6 /* CoreDataHelpTests */ = {
			isa = PBXGroup;
			children = (
				3A34EC4514DC978300C7CAC6 /* Entity.h */,
				3A34EC4614DC978300C7CAC6 /* Entity.m */,
				3A34EC3714DC975000C7CAC6 /* CoreDataHelpTests.h */,
				3A34EC3814DC975000C7CAC6 /* CoreDataHelpTests.m */,
				3A34EC4E14DC97EA00C7CAC6 /* Model.xcdatamodeld */,
				3A34EC3214DC975000C7CAC6 /* Supporting Files */,
			);
			path = CoreDataHelpTests;
			sourceTree = "<group>";
		};
		3A34EC3214DC975000C7CAC6 /* Supporting Files */ = {
			isa = PBXGroup;
			children = (
				3A34EC3314DC975000C7CAC6 /* CoreDataHelpTests-Info.plist */,
				3A34EC3414DC975000C7CAC6 /* InfoPlist.strings */,
			);
			name = "Supporting Files";
			sourceTree = "<group>";
		};
/* End PBXGroup section */

/* Begin PBXHeadersBuildPhase section */
		3A34EC1614DC975000C7CAC6 /* Headers */ = {
			isa = PBXHeadersBuildPhase;
			buildActionMask = 2147483647;
			files = (
				3A803D65151FD71F007D0B62 /* CoreDataHelp.h in Headers */,
				3A34EC4714DC978300C7CAC6 /* Entity.h in Headers */,
				3A803D5D151FD36F007D0B62 /* DCACacheable.h in Headers */,
				3A803D6D151FF04E007D0B62 /* DCACachingPolicy.h in Headers */,
				3A803D74151FF821007D0B62 /* DCACacheIncrementalStore.h in Headers */,
				3A803D77151FF95B007D0B62 /* NSIncrementalStoreAutoInstall.h in Headers */,
				3A803D7A151FF97F007D0B62 /* CoreDataStack.h in Headers */,
				3A803D7E152004F1007D0B62 /* DCAFetchRequest.h in Headers */,
				3A803D821520057B007D0B62 /* NSManagedObject+DCAAdditions.h in Headers */,
				3A803D8415201D0E007D0B62 /* DCACacheFirstIncrementalStore.h in Headers */,
				3A35F66315201FC8004AEBA8 /* CoreDataHelpError.h in Headers */,
				3A35F66815202705004AEBA8 /* NSManagedObjectModel+CDHAdditions.h in Headers */,
				3A0545281520464B00FE961D /* DCAFetchRequestModel.h in Headers */,
				BE38A4EE1521340A005AE1E8 /* CoreDataStack+Singleton.h in Headers */,
				3A5C681B1559B0AD000C1AAB /* NSIncrementalStore+CDHAdditions.h in Headers */,
				3ACBFA391568C1A700CCD332 /* NSThreadWrapper.h in Headers */,
			);
			runOnlyForDeploymentPostprocessing = 0;
		};
/* End PBXHeadersBuildPhase section */

/* Begin PBXNativeTarget section */
		3A34EC1714DC975000C7CAC6 /* CoreDataHelp */ = {
			isa = PBXNativeTarget;
			buildConfigurationList = 3A34EC3C14DC975000C7CAC6 /* Build configuration list for PBXNativeTarget "CoreDataHelp" */;
			buildPhases = (
				3A34EC1414DC975000C7CAC6 /* Sources */,
				3A34EC1514DC975000C7CAC6 /* Frameworks */,
				3A34EC1614DC975000C7CAC6 /* Headers */,
			);
			buildRules = (
			);
			dependencies = (
			);
			name = CoreDataHelp;
			productName = CoreDataHelp;
			productReference = 3A34EC1814DC975000C7CAC6 /* libCoreDataHelp.a */;
			productType = "com.apple.product-type.library.static";
		};
		3A34EC2714DC975000C7CAC6 /* CoreDataHelpTests */ = {
			isa = PBXNativeTarget;
			buildConfigurationList = 3A34EC3F14DC975000C7CAC6 /* Build configuration list for PBXNativeTarget "CoreDataHelpTests" */;
			buildPhases = (
				3A34EC2314DC975000C7CAC6 /* Sources */,
				3A34EC2414DC975000C7CAC6 /* Frameworks */,
				3A34EC2514DC975000C7CAC6 /* Resources */,
				3A34EC2614DC975000C7CAC6 /* ShellScript */,
			);
			buildRules = (
			);
			dependencies = (
				3A34EC2F14DC975000C7CAC6 /* PBXTargetDependency */,
			);
			name = CoreDataHelpTests;
			productName = CoreDataHelpTests;
			productReference = 3A34EC2814DC975000C7CAC6 /* CoreDataHelpTests.octest */;
			productType = "com.apple.product-type.bundle";
		};
/* End PBXNativeTarget section */

/* Begin PBXProject section */
		3A34EC0F14DC975000C7CAC6 /* Project object */ = {
			isa = PBXProject;
			attributes = {
				LastUpgradeCheck = 0430;
			};
			buildConfigurationList = 3A34EC1214DC975000C7CAC6 /* Build configuration list for PBXProject "CoreDataHelp" */;
			compatibilityVersion = "Xcode 3.2";
			developmentRegion = English;
			hasScannedForEncodings = 0;
			knownRegions = (
				en,
			);
			mainGroup = 3A34EC0D14DC975000C7CAC6;
			productRefGroup = 3A34EC1914DC975000C7CAC6 /* Products */;
			projectDirPath = "";
			projectRoot = "";
			targets = (
				3A34EC1714DC975000C7CAC6 /* CoreDataHelp */,
				3A34EC2714DC975000C7CAC6 /* CoreDataHelpTests */,
			);
		};
/* End PBXProject section */

/* Begin PBXResourcesBuildPhase section */
		3A34EC2514DC975000C7CAC6 /* Resources */ = {
			isa = PBXResourcesBuildPhase;
			buildActionMask = 2147483647;
			files = (
				3A34EC3614DC975000C7CAC6 /* InfoPlist.strings in Resources */,
			);
			runOnlyForDeploymentPostprocessing = 0;
		};
/* End PBXResourcesBuildPhase section */

/* Begin PBXShellScriptBuildPhase section */
		3A34EC2614DC975000C7CAC6 /* ShellScript */ = {
			isa = PBXShellScriptBuildPhase;
			buildActionMask = 2147483647;
			files = (
			);
			inputPaths = (
			);
			outputPaths = (
			);
			runOnlyForDeploymentPostprocessing = 0;
			shellPath = /bin/sh;
			shellScript = "# Run the unit tests in this test bundle.\n\"${SYSTEM_DEVELOPER_DIR}/Tools/RunUnitTests\"\n";
		};
/* End PBXShellScriptBuildPhase section */

/* Begin PBXSourcesBuildPhase section */
		3A34EC1414DC975000C7CAC6 /* Sources */ = {
			isa = PBXSourcesBuildPhase;
			buildActionMask = 2147483647;
			files = (
				3A34EC2214DC975000C7CAC6 /* CoreDataHelp.m in Sources */,
				3A803D53151FC7A3007D0B62 /* DCACacheFirstIncrementalStore.m in Sources */,
				3A803D6E151FF04E007D0B62 /* DCACachingPolicy.m in Sources */,
				3A803D75151FF821007D0B62 /* DCACacheIncrementalStore.m in Sources */,
				3A803D7B151FF97F007D0B62 /* CoreDataStack.m in Sources */,
				3A803D7F152004F1007D0B62 /* DCAFetchRequest.m in Sources */,
				3A803D831520057B007D0B62 /* NSManagedObject+DCAAdditions.m in Sources */,
				3A35F66415201FC8004AEBA8 /* CoreDataHelpError.m in Sources */,
				3A35F66915202705004AEBA8 /* NSManagedObjectModel+CDHAdditions.m in Sources */,
				3A0545291520464B00FE961D /* DCAFetchRequestModel.m in Sources */,
				BE38A4EF1521340A005AE1E8 /* CoreDataStack+Singleton.m in Sources */,
				3A5C681C1559B0AD000C1AAB /* NSIncrementalStore+CDHAdditions.m in Sources */,
				3ACBFA3A1568C1A700CCD332 /* NSThreadWrapper.m in Sources */,
			);
			runOnlyForDeploymentPostprocessing = 0;
		};
		3A34EC2314DC975000C7CAC6 /* Sources */ = {
			isa = PBXSourcesBuildPhase;
			buildActionMask = 2147483647;
			files = (
				3A34EC3914DC975000C7CAC6 /* CoreDataHelpTests.m in Sources */,
				3A34EC4A14DC978F00C7CAC6 /* Entity.m in Sources */,
				3A34EC5014DC97EA00C7CAC6 /* Model.xcdatamodeld in Sources */,
			);
			runOnlyForDeploymentPostprocessing = 0;
		};
/* End PBXSourcesBuildPhase section */

/* Begin PBXTargetDependency section */
		3A34EC2F14DC975000C7CAC6 /* PBXTargetDependency */ = {
			isa = PBXTargetDependency;
			target = 3A34EC1714DC975000C7CAC6 /* CoreDataHelp */;
			targetProxy = 3A34EC2E14DC975000C7CAC6 /* PBXContainerItemProxy */;
		};
/* End PBXTargetDependency section */

/* Begin PBXVariantGroup section */
		3A34EC3414DC975000C7CAC6 /* InfoPlist.strings */ = {
			isa = PBXVariantGroup;
			children = (
				3A34EC3514DC975000C7CAC6 /* en */,
			);
			name = InfoPlist.strings;
			sourceTree = "<group>";
		};
/* End PBXVariantGroup section */

/* Begin XCBuildConfiguration section */
		22353C4D14E3422E00B82B81 /* UnitTest */ = {
			isa = XCBuildConfiguration;
			buildSettings = {
				ALWAYS_SEARCH_USER_PATHS = NO;
				ARCHS = "$(ARCHS_STANDARD_32_BIT)";
				CLANG_ENABLE_OBJC_ARC = YES;
				COPY_PHASE_STRIP = YES;
				GCC_C_LANGUAGE_STANDARD = gnu99;
				GCC_VERSION = com.apple.compilers.llvm.clang.1_0;
				GCC_WARN_ABOUT_MISSING_PROTOTYPES = YES;
				GCC_WARN_ABOUT_RETURN_TYPE = YES;
				GCC_WARN_UNUSED_VARIABLE = YES;
				INSTALL_PATH = "$(PRODUCT_NAME)";
				IPHONEOS_DEPLOYMENT_TARGET = 6.0;
				SDKROOT = iphoneos;
				VALIDATE_PRODUCT = YES;
			};
			name = UnitTest;
		};
		22353C4E14E3422E00B82B81 /* UnitTest */ = {
			isa = XCBuildConfiguration;
			buildSettings = {
				DSTROOT = /tmp/CoreDataHelp.dst;
				GCC_PRECOMPILE_PREFIX_HEADER = YES;
				GCC_PREFIX_HEADER = "CoreDataHelp/CoreDataHelp-Prefix.pch";
				GCC_PREPROCESSOR_DEFINITIONS = DCA_UNITTEST;
				GCC_VERSION = com.apple.compilers.llvm.clang.1_0;
				OTHER_LDFLAGS = "-ObjC";
				PRODUCT_NAME = "$(TARGET_NAME)";
				PUBLIC_HEADERS_FOLDER_PATH = "../../$(TARGET_NAME)";
				SKIP_INSTALL = YES;
			};
			name = UnitTest;
		};
		22353C4F14E3422E00B82B81 /* UnitTest */ = {
			isa = XCBuildConfiguration;
			buildSettings = {
				BUNDLE_LOADER = "$(BUILT_PRODUCTS_DIR)/libCoreDataHelp.a";
				DSTROOT = /tmp/xcodeproj.dst;
				FRAMEWORK_SEARCH_PATHS = (
					"\"$(SDKROOT)/Developer/Library/Frameworks\"",
					"\"$(DEVELOPER_LIBRARY_DIR)/Frameworks\"",
				);
				GCC_PRECOMPILE_PREFIX_HEADER = YES;
				GCC_PREFIX_HEADER = "CoreDataHelp/CoreDataHelp-Prefix.pch";
				GCC_PREPROCESSOR_DEFINITIONS = DCA_RELEASE;
				GCC_VERSION = com.apple.compilers.llvm.clang.1_0;
				INFOPLIST_FILE = "CoreDataHelpTests/CoreDataHelpTests-Info.plist";
				IPHONEOS_DEPLOYMENT_TARGET = 5.0;
				PRODUCT_NAME = "$(TARGET_NAME)";
				SKIP_INSTALL = YES;
				TEST_HOST = "$(BUNDLE_LOADER)";
				WRAPPER_EXTENSION = octest;
			};
			name = UnitTest;
		};
		3A34EC3A14DC975000C7CAC6 /* Debug */ = {
			isa = XCBuildConfiguration;
			buildSettings = {
				ALWAYS_SEARCH_USER_PATHS = NO;
				ARCHS = "$(ARCHS_STANDARD_32_BIT)";
				CLANG_ENABLE_OBJC_ARC = YES;
				COPY_PHASE_STRIP = YES;
				GCC_C_LANGUAGE_STANDARD = gnu99;
				GCC_DYNAMIC_NO_PIC = NO;
				GCC_OPTIMIZATION_LEVEL = 0;
				GCC_PREPROCESSOR_DEFINITIONS = (
					"DEBUG=1",
					"$(inherited)",
				);
				GCC_SYMBOLS_PRIVATE_EXTERN = NO;
				GCC_VERSION = com.apple.compilers.llvm.clang.1_0;
				GCC_WARN_ABOUT_MISSING_PROTOTYPES = YES;
				GCC_WARN_ABOUT_RETURN_TYPE = YES;
				GCC_WARN_UNUSED_VARIABLE = YES;
				INSTALL_PATH = "$(PRODUCT_NAME)";
				IPHONEOS_DEPLOYMENT_TARGET = 6.0;
				SDKROOT = iphoneos;
				VALIDATE_PRODUCT = YES;
			};
			name = Debug;
		};
		3A34EC3B14DC975000C7CAC6 /* Release */ = {
			isa = XCBuildConfiguration;
			buildSettings = {
				ALWAYS_SEARCH_USER_PATHS = NO;
				ARCHS = "$(ARCHS_STANDARD_32_BIT)";
				CLANG_ENABLE_OBJC_ARC = YES;
				COPY_PHASE_STRIP = YES;
				GCC_C_LANGUAGE_STANDARD = gnu99;
				GCC_VERSION = com.apple.compilers.llvm.clang.1_0;
				GCC_WARN_ABOUT_MISSING_PROTOTYPES = YES;
				GCC_WARN_ABOUT_RETURN_TYPE = YES;
				GCC_WARN_UNUSED_VARIABLE = YES;
				INSTALL_PATH = "$(PRODUCT_NAME)";
				IPHONEOS_DEPLOYMENT_TARGET = 6.0;
				SDKROOT = iphoneos;
				VALIDATE_PRODUCT = YES;
			};
			name = Release;
		};
		3A34EC3D14DC975000C7CAC6 /* Debug */ = {
			isa = XCBuildConfiguration;
			buildSettings = {
				DSTROOT = /tmp/CoreDataHelp.dst;
				GCC_PRECOMPILE_PREFIX_HEADER = YES;
				GCC_PREFIX_HEADER = "CoreDataHelp/CoreDataHelp-Prefix.pch";
				GCC_PREPROCESSOR_DEFINITIONS = DCA_DEBUG;
				GCC_VERSION = com.apple.compilers.llvm.clang.1_0;
				OTHER_LDFLAGS = "-ObjC";
				PRODUCT_NAME = "$(TARGET_NAME)";
				PUBLIC_HEADERS_FOLDER_PATH = "../../$(TARGET_NAME)";
				SKIP_INSTALL = YES;
			};
			name = Debug;
		};
		3A34EC3E14DC975000C7CAC6 /* Release */ = {
			isa = XCBuildConfiguration;
			buildSettings = {
				DSTROOT = /tmp/CoreDataHelp.dst;
				GCC_PRECOMPILE_PREFIX_HEADER = YES;
				GCC_PREFIX_HEADER = "CoreDataHelp/CoreDataHelp-Prefix.pch";
				GCC_PREPROCESSOR_DEFINITIONS = DCA_RELEASE;
				GCC_VERSION = com.apple.compilers.llvm.clang.1_0;
				OTHER_LDFLAGS = "-ObjC";
				PRODUCT_NAME = "$(TARGET_NAME)";
				PUBLIC_HEADERS_FOLDER_PATH = "../../$(TARGET_NAME)";
				SKIP_INSTALL = YES;
			};
			name = Release;
		};
		3A34EC4014DC975000C7CAC6 /* Debug */ = {
			isa = XCBuildConfiguration;
			buildSettings = {
				BUNDLE_LOADER = "$(BUILT_PRODUCTS_DIR)/libCoreDataHelp.a";
				DSTROOT = /tmp/xcodeproj.dst;
				FRAMEWORK_SEARCH_PATHS = (
					"\"$(SDKROOT)/Developer/Library/Frameworks\"",
					"\"$(DEVELOPER_LIBRARY_DIR)/Frameworks\"",
				);
				GCC_PRECOMPILE_PREFIX_HEADER = YES;
				GCC_PREFIX_HEADER = "CoreDataHelp/CoreDataHelp-Prefix.pch";
				GCC_PREPROCESSOR_DEFINITIONS = DCA_DEBUG;
				GCC_VERSION = com.apple.compilers.llvm.clang.1_0;
				INFOPLIST_FILE = "CoreDataHelpTests/CoreDataHelpTests-Info.plist";
				IPHONEOS_DEPLOYMENT_TARGET = 5.0;
				PRODUCT_NAME = "$(TARGET_NAME)";
				SKIP_INSTALL = YES;
				TEST_HOST = "$(BUNDLE_LOADER)";
				WRAPPER_EXTENSION = octest;
			};
			name = Debug;
		};
		3A34EC4114DC975000C7CAC6 /* Release */ = {
			isa = XCBuildConfiguration;
			buildSettings = {
				BUNDLE_LOADER = "$(BUILT_PRODUCTS_DIR)/libCoreDataHelp.a";
				DSTROOT = /tmp/xcodeproj.dst;
				FRAMEWORK_SEARCH_PATHS = (
					"\"$(SDKROOT)/Developer/Library/Frameworks\"",
					"\"$(DEVELOPER_LIBRARY_DIR)/Frameworks\"",
				);
				GCC_PRECOMPILE_PREFIX_HEADER = YES;
				GCC_PREFIX_HEADER = "CoreDataHelp/CoreDataHelp-Prefix.pch";
				GCC_PREPROCESSOR_DEFINITIONS = DCA_RELEASE;
				GCC_VERSION = com.apple.compilers.llvm.clang.1_0;
				INFOPLIST_FILE = "CoreDataHelpTests/CoreDataHelpTests-Info.plist";
				IPHONEOS_DEPLOYMENT_TARGET = 5.0;
				PRODUCT_NAME = "$(TARGET_NAME)";
				SKIP_INSTALL = YES;
				TEST_HOST = "$(BUNDLE_LOADER)";
				WRAPPER_EXTENSION = octest;
			};
			name = Release;
		};
/* End XCBuildConfiguration section */

/* Begin XCConfigurationList section */
		3A34EC1214DC975000C7CAC6 /* Build configuration list for PBXProject "CoreDataHelp" */ = {
			isa = XCConfigurationList;
			buildConfigurations = (
				3A34EC3A14DC975000C7CAC6 /* Debug */,
				3A34EC3B14DC975000C7CAC6 /* Release */,
				22353C4D14E3422E00B82B81 /* UnitTest */,
			);
			defaultConfigurationIsVisible = 0;
			defaultConfigurationName = Release;
		};
		3A34EC3C14DC975000C7CAC6 /* Build configuration list for PBXNativeTarget "CoreDataHelp" */ = {
			isa = XCConfigurationList;
			buildConfigurations = (
				3A34EC3D14DC975000C7CAC6 /* Debug */,
				3A34EC3E14DC975000C7CAC6 /* Release */,
				22353C4E14E3422E00B82B81 /* UnitTest */,
			);
			defaultConfigurationIsVisible = 0;
			defaultConfigurationName = Release;
		};
		3A34EC3F14DC975000C7CAC6 /* Build configuration list for PBXNativeTarget "CoreDataHelpTests" */ = {
			isa = XCConfigurationList;
			buildConfigurations = (
				3A34EC4014DC975000C7CAC6 /* Debug */,
				3A34EC4114DC975000C7CAC6 /* Release */,
				22353C4F14E3422E00B82B81 /* UnitTest */,
			);
			defaultConfigurationIsVisible = 0;
			defaultConfigurationName = Release;
		};
/* End XCConfigurationList section */

/* Begin XCVersionGroup section */
		3A34EC4E14DC97EA00C7CAC6 /* Model.xcdatamodeld */ = {
			isa = XCVersionGroup;
			children = (
				3A34EC4F14DC97EA00C7CAC6 /* Model.xcdatamodel */,
			);
			currentVersion = 3A34EC4F14DC97EA00C7CAC6 /* Model.xcdatamodel */;
			name = Model.xcdatamodeld;
			path = ../CoreDataHelp/Model.xcdatamodeld;
			sourceTree = "<group>";
			versionGroupType = wrapper.xcdatamodel;
		};
/* End XCVersionGroup section */
	};
	rootObject = 3A34EC0F14DC975000C7CAC6 /* Project object */;
}
